
Microsoft Visual Studio Solution File, Format Version 12.00
# Visual Studio Version 16
VisualStudioVersion = 16.0.30320.27
MinimumVisualStudioVersion = 10.0.40219.1
Project("{FAE04EC0-301F-11D3-BF4B-00C04F79EFBC}") = "SatelliteApp", "SatelliteApp\SatelliteApp.csproj", "{7ECA87E5-5D5E-4198-A31F-AB2792F8622D}"
EndProject
Global
	GlobalSection(SolutionConfigurationPlatforms) = preSolution
		Debug|Any CPU = Debug|Any CPU
		Release|Any CPU = Release|Any CPU
	EndGlobalSection
	GlobalSection(ProjectConfigurationPlatforms) = postSolution
		{7ECA87E5-5D5E-4198-A31F-AB2792F8622D}.Debug|Any CPU.ActiveCfg = Debug|Any CPU
		{7ECA87E5-5D5E-4198-A31F-AB2792F8622D}.Debug|Any CPU.Build.0 = Debug|Any CPU
		{7ECA87E5-5D5E-4198-A31F-AB2792F8622D}.Release|Any CPU.ActiveCfg = Release|Any CPU
		{7ECA87E5-5D5E-4198-A31F-AB2792F8622D}.Release|Any CPU.Build.0 = Release|Any CPU
	EndGlobalSection
	GlobalSection(SolutionProperties) = preSolution
		HideSolutionNode = FALSE
	EndGlobalSection
	GlobalSection(ExtensibilityGlobals) = postSolution
		SolutionGuid = {2989C57C-BBFC-4919-9733-315CE8DD37B9}
	EndGlobalSection
EndGlobal
